
Microsoft Visual Studio Solution File, Format Version 12.00
Project("{FAE04EC0-301F-11D3-BF4B-00C04F79EFBC}") = "PcfSpec", "src\PcfSpec\PcfSpec.csproj", "{BD5B7365-15EB-488A-A380-380E283D35D3}"
EndProject
Project("{FAE04EC0-301F-11D3-BF4B-00C04F79EFBC}") = "PcfSpec.Tests", "tests\PcfSpec.Tests\PcfSpec.Tests.csproj", "{8751B2CD-A883-4BC8-8069-E9017862D049}"
EndProject
Project("{FAE04EC0-301F-11D3-BF4B-00C04F79EFBC}") = "Example.Create", "examples\Example.Create\Example.Create.csproj", "{4F868A1F-99FF-48B0-93E9-197D97912A33}"
EndProject
Project("{FAE04EC0-301F-11D3-BF4B-00C04F79EFBC}") = "Example.Load", "examples\Example.Load\Example.Load.csproj", "{DD9A268F-DF40-4DB8-B4AC-0A32D35E145D}"
EndProject
Global
	GlobalSection(SolutionConfigurationPlatforms) = preSolution
		Debug|Any CPU = Debug|Any CPU
		Release|Any CPU = Release|Any CPU
	EndGlobalSection
	GlobalSection(ProjectConfigurationPlatforms) = postSolution
		{BD5B7365-15EB-488A-A380-380E283D35D3}.Debug|Any CPU.ActiveCfg = Debug|Any CPU
		{BD5B7365-15EB-488A-A380-380E283D35D3}.Debug|Any CPU.Build.0 = Debug|Any CPU
		{BD5B7365-15EB-488A-A380-380E283D35D3}.Release|Any CPU.ActiveCfg = Release|Any CPU
		{BD5B7365-15EB-488A-A380-380E283D35D3}.Release|Any CPU.Build.0 = Release|Any CPU
		{8751B2CD-A883-4BC8-8069-E9017862D049}.Debug|Any CPU.ActiveCfg = Debug|Any CPU
		{8751B2CD-A883-4BC8-8069-E9017862D049}.Debug|Any CPU.Build.0 = Debug|Any CPU
		{8751B2CD-A883-4BC8-8069-E9017862D049}.Release|Any CPU.ActiveCfg = Release|Any CPU
		{8751B2CD-A883-4BC8-8069-E9017862D049}.Release|Any CPU.Build.0 = Release|Any CPU
		{4F868A1F-99FF-48B0-93E9-197D97912A33}.Debug|Any CPU.ActiveCfg = Debug|Any CPU
		{4F868A1F-99FF-48B0-93E9-197D97912A33}.Debug|Any CPU.Build.0 = Debug|Any CPU
		{4F868A1F-99FF-48B0-93E9-197D97912A33}.Release|Any CPU.ActiveCfg = Release|Any CPU
		{4F868A1F-99FF-48B0-93E9-197D97912A33}.Release|Any CPU.Build.0 = Release|Any CPU
		{DD9A268F-DF40-4DB8-B4AC-0A32D35E145D}.Debug|Any CPU.ActiveCfg = Debug|Any CPU
		{DD9A268F-DF40-4DB8-B4AC-0A32D35E145D}.Debug|Any CPU.Build.0 = Debug|Any CPU
		{DD9A268F-DF40-4DB8-B4AC-0A32D35E145D}.Release|Any CPU.ActiveCfg = Release|Any CPU
		{DD9A268F-DF40-4DB8-B4AC-0A32D35E145D}.Release|Any CPU.Build.0 = Release|Any CPU
	EndGlobalSection
EndGlobal
